<Solution>
  <Folder Name="/src/">
    <Project Path="src/OpenIPC.Viewer.Android/OpenIPC.Viewer.Android.csproj">
      <Deploy Solution="Debug|*" />
    </Project>
    <Project Path="src/OpenIPC.Viewer.Analytics/OpenIPC.Viewer.Analytics.csproj" />
    <Project Path="src/OpenIPC.Viewer.App/OpenIPC.Viewer.App.csproj" />
    <Project Path="src/OpenIPC.Viewer.Composition/OpenIPC.Viewer.Composition.csproj" />
    <Project Path="src/OpenIPC.Viewer.Core/OpenIPC.Viewer.Core.csproj" />
    <Project Path="src/OpenIPC.Viewer.Desktop/OpenIPC.Viewer.Desktop.csproj" />
    <Project Path="src/OpenIPC.Viewer.Devices/OpenIPC.Viewer.Devices.csproj" />
    <Project Path="src/OpenIPC.Viewer.Infrastructure/OpenIPC.Viewer.Infrastructure.csproj" />
    <Project Path="src/OpenIPC.Viewer.iOS/OpenIPC.Viewer.iOS.csproj" />
    <Project Path="src/OpenIPC.Viewer.Video/OpenIPC.Viewer.Video.csproj" />
    <Project Path="src/OpenIPC.Viewer.Web/OpenIPC.Viewer.Web.csproj" />
  </Folder>
  <Folder Name="/tests/">
    <Project Path="tests/OpenIPC.Viewer.Analytics.Tests/OpenIPC.Viewer.Analytics.Tests.csproj" />
    <Project Path="tests/OpenIPC.Viewer.Core.Tests/OpenIPC.Viewer.Core.Tests.csproj" />
    <Project Path="tests/OpenIPC.Viewer.Devices.Tests/OpenIPC.Viewer.Devices.Tests.csproj" />
    <Project Path="tests/OpenIPC.Viewer.Infrastructure.Tests/OpenIPC.Viewer.Infrastructure.Tests.csproj">
      <Build Solution="Debug|*" Project="false" />
    </Project>
    <Project Path="tests/OpenIPC.Viewer.Video.Tests/OpenIPC.Viewer.Video.Tests.csproj" />
    <Project Path="tests/OpenIPC.Viewer.Web.Tests/OpenIPC.Viewer.Web.Tests.csproj" />
  </Folder>
</Solution>
